
Microsoft Visual Studio Solution File, Format Version 12.00
# Visual Studio Version 17
VisualStudioVersion = 17.0.32014.148
MinimumVisualStudioVersion = 10.0.40219.1
Project("{FAE04EC0-301F-11D3-BF4B-00C04F79EFBC}") = "MvcCore", "MvcCore\MvcCore.csproj", "{C3E40A3E-9F4C-4CC0-B65A-4161FB3019FA}"
EndProject
Global
	GlobalSection(SolutionConfigurationPlatforms) = preSolution
		Debug|Any CPU = Debug|Any CPU
		Release|Any CPU = Release|Any CPU
	EndGlobalSection
	GlobalSection(ProjectConfigurationPlatforms) = postSolution
		{C3E40A3E-9F4C-4CC0-B65A-4161FB3019FA}.Debug|Any CPU.ActiveCfg = Debug|Any CPU
		{C3E40A3E-9F4C-4CC0-B65A-4161FB3019FA}.Debug|Any CPU.Build.0 = Debug|Any CPU
		{C3E40A3E-9F4C-4CC0-B65A-4161FB3019FA}.Release|Any CPU.ActiveCfg = Release|Any CPU
		{C3E40A3E-9F4C-4CC0-B65A-4161FB3019FA}.Release|Any CPU.Build.0 = Release|Any CPU
	EndGlobalSection
	GlobalSection(SolutionProperties) = preSolution
		HideSolutionNode = FALSE
	EndGlobalSection
	GlobalSection(ExtensibilityGlobals) = postSolution
		SolutionGuid = {330A4D1D-AF4E-491C-A114-D8C0EFA87249}
	EndGlobalSection
EndGlobal
